
Microsoft Visual Studio Solution File, Format Version 12.00
Project("{FAE04EC0-301F-11D3-BF4B-00C04F79EFBC}") = "PatternsLab2", "PatternsLab2\PatternsLab2.csproj", "{BC8F6904-0C82-4B23-807C-D8B2F11E5AE0}"
EndProject
Global
	GlobalSection(SolutionConfigurationPlatforms) = preSolution
		Debug|Any CPU = Debug|Any CPU
		Release|Any CPU = Release|Any CPU
	EndGlobalSection
	GlobalSection(ProjectConfigurationPlatforms) = postSolution
		{BC8F6904-0C82-4B23-807C-D8B2F11E5AE0}.Debug|Any CPU.ActiveCfg = Debug|Any CPU
		{BC8F6904-0C82-4B23-807C-D8B2F11E5AE0}.Debug|Any CPU.Build.0 = Debug|Any CPU
		{BC8F6904-0C82-4B23-807C-D8B2F11E5AE0}.Release|Any CPU.ActiveCfg = Release|Any CPU
		{BC8F6904-0C82-4B23-807C-D8B2F11E5AE0}.Release|Any CPU.Build.0 = Release|Any CPU
	EndGlobalSection
EndGlobal
